
Microsoft Visual Studio Solution File, Format Version 10.00
# Visual Studio 2008
Project("{FAE04EC0-301F-11D3-BF4B-00C04F79EFBC}") = "EnglishTextBox", "EnglishTextBox\EnglishTextBox.csproj", "{F6056FEA-678A-49F2-8B16-AA9916B93740}"
EndProject
Global
	GlobalSection(SolutionConfigurationPlatforms) = preSolution
		Debug|Any CPU = Debug|Any CPU
		Release|Any CPU = Release|Any CPU
	EndGlobalSection
	GlobalSection(ProjectConfigurationPlatforms) = postSolution
		{F6056FEA-678A-49F2-8B16-AA9916B93740}.Debug|Any CPU.ActiveCfg = Debug|Any CPU
		{F6056FEA-678A-49F2-8B16-AA9916B93740}.Debug|Any CPU.Build.0 = Debug|Any CPU
		{F6056FEA-678A-49F2-8B16-AA9916B93740}.Release|Any CPU.ActiveCfg = Release|Any CPU
		{F6056FEA-678A-49F2-8B16-AA9916B93740}.Release|Any CPU.Build.0 = Release|Any CPU
	EndGlobalSection
	GlobalSection(SolutionProperties) = preSolution
		HideSolutionNode = FALSE
	EndGlobalSection
EndGlobal
