
Microsoft Visual Studio Solution File, Format Version 10.00
# Visual Studio 2008
Project("{FAE04EC0-301F-11D3-BF4B-00C04F79EFBC}") = "DFTPFile", "DFTPFile\DFTPFile.csproj", "{06F944A7-03D1-4195-978A-FD8ED33C129A}"
EndProject
Global
	GlobalSection(SolutionConfigurationPlatforms) = preSolution
		Debug|Any CPU = Debug|Any CPU
		Release|Any CPU = Release|Any CPU
	EndGlobalSection
	GlobalSection(ProjectConfigurationPlatforms) = postSolution
		{06F944A7-03D1-4195-978A-FD8ED33C129A}.Debug|Any CPU.ActiveCfg = Debug|Any CPU
		{06F944A7-03D1-4195-978A-FD8ED33C129A}.Debug|Any CPU.Build.0 = Debug|Any CPU
		{06F944A7-03D1-4195-978A-FD8ED33C129A}.Release|Any CPU.ActiveCfg = Release|Any CPU
		{06F944A7-03D1-4195-978A-FD8ED33C129A}.Release|Any CPU.Build.0 = Release|Any CPU
	EndGlobalSection
	GlobalSection(SolutionProperties) = preSolution
		HideSolutionNode = FALSE
	EndGlobalSection
EndGlobal
