
Microsoft Visual Studio Solution File, Format Version 10.00
# Visual Studio 2008
Project("{FAE04EC0-301F-11D3-BF4B-00C04F79EFBC}") = "Popup窗口提醒", "Popup窗口提醒\Popup窗口提醒.csproj", "{9822DDED-844A-4B05-A272-E633ED3C9608}"
EndProject
Global
	GlobalSection(SolutionConfigurationPlatforms) = preSolution
		Debug|Any CPU = Debug|Any CPU
		Release|Any CPU = Release|Any CPU
	EndGlobalSection
	GlobalSection(ProjectConfigurationPlatforms) = postSolution
		{9822DDED-844A-4B05-A272-E633ED3C9608}.Debug|Any CPU.ActiveCfg = Debug|Any CPU
		{9822DDED-844A-4B05-A272-E633ED3C9608}.Debug|Any CPU.Build.0 = Debug|Any CPU
		{9822DDED-844A-4B05-A272-E633ED3C9608}.Release|Any CPU.ActiveCfg = Release|Any CPU
		{9822DDED-844A-4B05-A272-E633ED3C9608}.Release|Any CPU.Build.0 = Release|Any CPU
	EndGlobalSection
	GlobalSection(SolutionProperties) = preSolution
		HideSolutionNode = FALSE
	EndGlobalSection
EndGlobal
