
Microsoft Visual Studio Solution File, Format Version 10.00
# Visual Studio 2008
Project("{FAE04EC0-301F-11D3-BF4B-00C04F79EFBC}") = "CurPosion", "CurPosion\CurPosion.csproj", "{EFA92913-FBD3-4004-BD7D-4BD1CCA0727B}"
EndProject
Global
	GlobalSection(SolutionConfigurationPlatforms) = preSolution
		Debug|Any CPU = Debug|Any CPU
		Release|Any CPU = Release|Any CPU
	EndGlobalSection
	GlobalSection(ProjectConfigurationPlatforms) = postSolution
		{EFA92913-FBD3-4004-BD7D-4BD1CCA0727B}.Debug|Any CPU.ActiveCfg = Debug|Any CPU
		{EFA92913-FBD3-4004-BD7D-4BD1CCA0727B}.Debug|Any CPU.Build.0 = Debug|Any CPU
		{EFA92913-FBD3-4004-BD7D-4BD1CCA0727B}.Release|Any CPU.ActiveCfg = Release|Any CPU
		{EFA92913-FBD3-4004-BD7D-4BD1CCA0727B}.Release|Any CPU.Build.0 = Release|Any CPU
	EndGlobalSection
	GlobalSection(SolutionProperties) = preSolution
		HideSolutionNode = FALSE
	EndGlobalSection
EndGlobal
