
Microsoft Visual Studio Solution File, Format Version 10.00
# Visual Studio 2008
Project("{FAE04EC0-301F-11D3-BF4B-00C04F79EFBC}") = "ClarityControl", "ClarityControl\ClarityControl.csproj", "{0CBDC222-F375-4068-A70C-9AD031F403BB}"
EndProject
Global
	GlobalSection(SolutionConfigurationPlatforms) = preSolution
		Debug|Any CPU = Debug|Any CPU
		Release|Any CPU = Release|Any CPU
	EndGlobalSection
	GlobalSection(ProjectConfigurationPlatforms) = postSolution
		{0CBDC222-F375-4068-A70C-9AD031F403BB}.Debug|Any CPU.ActiveCfg = Debug|Any CPU
		{0CBDC222-F375-4068-A70C-9AD031F403BB}.Debug|Any CPU.Build.0 = Debug|Any CPU
		{0CBDC222-F375-4068-A70C-9AD031F403BB}.Release|Any CPU.ActiveCfg = Release|Any CPU
		{0CBDC222-F375-4068-A70C-9AD031F403BB}.Release|Any CPU.Build.0 = Release|Any CPU
	EndGlobalSection
	GlobalSection(SolutionProperties) = preSolution
		HideSolutionNode = FALSE
	EndGlobalSection
EndGlobal
