
Microsoft Visual Studio Solution File, Format Version 10.00
# Visual Studio 2008
Project("{FAE04EC0-301F-11D3-BF4B-00C04F79EFBC}") = "手动改变自制窗体的大小", "手动改变自制窗体的大小\手动改变自制窗体的大小.csproj", "{AE59241E-8CB2-435E-8544-59EE0E3B6E96}"
EndProject
Global
	GlobalSection(SolutionConfigurationPlatforms) = preSolution
		Debug|Any CPU = Debug|Any CPU
		Release|Any CPU = Release|Any CPU
	EndGlobalSection
	GlobalSection(ProjectConfigurationPlatforms) = postSolution
		{AE59241E-8CB2-435E-8544-59EE0E3B6E96}.Debug|Any CPU.ActiveCfg = Debug|Any CPU
		{AE59241E-8CB2-435E-8544-59EE0E3B6E96}.Debug|Any CPU.Build.0 = Debug|Any CPU
		{AE59241E-8CB2-435E-8544-59EE0E3B6E96}.Release|Any CPU.ActiveCfg = Release|Any CPU
		{AE59241E-8CB2-435E-8544-59EE0E3B6E96}.Release|Any CPU.Build.0 = Release|Any CPU
	EndGlobalSection
	GlobalSection(SolutionProperties) = preSolution
		HideSolutionNode = FALSE
	EndGlobalSection
EndGlobal
