
Microsoft Visual Studio Solution File, Format Version 10.00
# Visual Studio 2008
Project("{FAE04EC0-301F-11D3-BF4B-00C04F79EFBC}") = "PrintText", "PrintText\PrintText.csproj", "{32603E1B-4B68-4FA8-81B5-721F6CEF7433}"
EndProject
Global
	GlobalSection(SolutionConfigurationPlatforms) = preSolution
		Debug|Any CPU = Debug|Any CPU
		Release|Any CPU = Release|Any CPU
	EndGlobalSection
	GlobalSection(ProjectConfigurationPlatforms) = postSolution
		{32603E1B-4B68-4FA8-81B5-721F6CEF7433}.Debug|Any CPU.ActiveCfg = Debug|Any CPU
		{32603E1B-4B68-4FA8-81B5-721F6CEF7433}.Debug|Any CPU.Build.0 = Debug|Any CPU
		{32603E1B-4B68-4FA8-81B5-721F6CEF7433}.Release|Any CPU.ActiveCfg = Release|Any CPU
		{32603E1B-4B68-4FA8-81B5-721F6CEF7433}.Release|Any CPU.Build.0 = Release|Any CPU
	EndGlobalSection
	GlobalSection(SolutionProperties) = preSolution
		HideSolutionNode = FALSE
	EndGlobalSection
EndGlobal
