
Microsoft Visual Studio Solution File, Format Version 10.00
# Visual Studio 2008
Project("{FAE04EC0-301F-11D3-BF4B-00C04F79EFBC}") = "WordToHtml", "WordToHtml\WordToHtml.csproj", "{2094F4C5-12E0-4298-82BB-584F1AD8E5F2}"
EndProject
Global
	GlobalSection(SolutionConfigurationPlatforms) = preSolution
		Debug|Any CPU = Debug|Any CPU
		Release|Any CPU = Release|Any CPU
	EndGlobalSection
	GlobalSection(ProjectConfigurationPlatforms) = postSolution
		{2094F4C5-12E0-4298-82BB-584F1AD8E5F2}.Debug|Any CPU.ActiveCfg = Debug|Any CPU
		{2094F4C5-12E0-4298-82BB-584F1AD8E5F2}.Debug|Any CPU.Build.0 = Debug|Any CPU
		{2094F4C5-12E0-4298-82BB-584F1AD8E5F2}.Release|Any CPU.ActiveCfg = Release|Any CPU
		{2094F4C5-12E0-4298-82BB-584F1AD8E5F2}.Release|Any CPU.Build.0 = Release|Any CPU
	EndGlobalSection
	GlobalSection(SolutionProperties) = preSolution
		HideSolutionNode = FALSE
	EndGlobalSection
EndGlobal
