
Microsoft Visual Studio Solution File, Format Version 10.00
# Visual Studio 2008
Project("{FAE04EC0-301F-11D3-BF4B-00C04F79EFBC}") = "窗体的浮动及隐藏", "窗体的浮动及隐藏\窗体的浮动及隐藏.csproj", "{324A714F-E98B-42E3-B7CF-1EA5F4804DE8}"
EndProject
Global
	GlobalSection(SolutionConfigurationPlatforms) = preSolution
		Debug|Any CPU = Debug|Any CPU
		Release|Any CPU = Release|Any CPU
	EndGlobalSection
	GlobalSection(ProjectConfigurationPlatforms) = postSolution
		{324A714F-E98B-42E3-B7CF-1EA5F4804DE8}.Debug|Any CPU.ActiveCfg = Debug|Any CPU
		{324A714F-E98B-42E3-B7CF-1EA5F4804DE8}.Debug|Any CPU.Build.0 = Debug|Any CPU
		{324A714F-E98B-42E3-B7CF-1EA5F4804DE8}.Release|Any CPU.ActiveCfg = Release|Any CPU
		{324A714F-E98B-42E3-B7CF-1EA5F4804DE8}.Release|Any CPU.Build.0 = Release|Any CPU
	EndGlobalSection
	GlobalSection(SolutionProperties) = preSolution
		HideSolutionNode = FALSE
	EndGlobalSection
EndGlobal
