
Microsoft Visual Studio Solution File, Format Version 10.00
# Visual Studio 2008
Project("{FAE04EC0-301F-11D3-BF4B-00C04F79EFBC}") = "SEmailWithoutAtt", "SEmailWithoutAtt\SEmailWithoutAtt.csproj", "{D226159D-7F29-434E-B98E-52E93D0D7AC9}"
EndProject
Global
	GlobalSection(SolutionConfigurationPlatforms) = preSolution
		Debug|Any CPU = Debug|Any CPU
		Release|Any CPU = Release|Any CPU
	EndGlobalSection
	GlobalSection(ProjectConfigurationPlatforms) = postSolution
		{D226159D-7F29-434E-B98E-52E93D0D7AC9}.Debug|Any CPU.ActiveCfg = Debug|Any CPU
		{D226159D-7F29-434E-B98E-52E93D0D7AC9}.Debug|Any CPU.Build.0 = Debug|Any CPU
		{D226159D-7F29-434E-B98E-52E93D0D7AC9}.Release|Any CPU.ActiveCfg = Release|Any CPU
		{D226159D-7F29-434E-B98E-52E93D0D7AC9}.Release|Any CPU.Build.0 = Release|Any CPU
	EndGlobalSection
	GlobalSection(SolutionProperties) = preSolution
		HideSolutionNode = FALSE
	EndGlobalSection
EndGlobal
