
Microsoft Visual Studio Solution File, Format Version 10.00
# Visual Studio 2008
Project("{FAE04EC0-301F-11D3-BF4B-00C04F79EFBC}") = "VPrint", "VPrint\VPrint.csproj", "{676F9295-6D98-45BC-8E95-1CE91468909D}"
EndProject
Global
	GlobalSection(SolutionConfigurationPlatforms) = preSolution
		Debug|Any CPU = Debug|Any CPU
		Release|Any CPU = Release|Any CPU
	EndGlobalSection
	GlobalSection(ProjectConfigurationPlatforms) = postSolution
		{676F9295-6D98-45BC-8E95-1CE91468909D}.Debug|Any CPU.ActiveCfg = Debug|Any CPU
		{676F9295-6D98-45BC-8E95-1CE91468909D}.Debug|Any CPU.Build.0 = Debug|Any CPU
		{676F9295-6D98-45BC-8E95-1CE91468909D}.Release|Any CPU.ActiveCfg = Release|Any CPU
		{676F9295-6D98-45BC-8E95-1CE91468909D}.Release|Any CPU.Build.0 = Release|Any CPU
	EndGlobalSection
	GlobalSection(SolutionProperties) = preSolution
		HideSolutionNode = FALSE
	EndGlobalSection
EndGlobal
