
Microsoft Visual Studio Solution File, Format Version 10.00
# Visual Studio 2008
Project("{FAE04EC0-301F-11D3-BF4B-00C04F79EFBC}") = "composeImage", "composeImage\composeImage.csproj", "{76D46215-C3E5-4466-9820-F3ED668120CE}"
EndProject
Global
	GlobalSection(SolutionConfigurationPlatforms) = preSolution
		Debug|Any CPU = Debug|Any CPU
		Release|Any CPU = Release|Any CPU
	EndGlobalSection
	GlobalSection(ProjectConfigurationPlatforms) = postSolution
		{76D46215-C3E5-4466-9820-F3ED668120CE}.Debug|Any CPU.ActiveCfg = Debug|Any CPU
		{76D46215-C3E5-4466-9820-F3ED668120CE}.Debug|Any CPU.Build.0 = Debug|Any CPU
		{76D46215-C3E5-4466-9820-F3ED668120CE}.Release|Any CPU.ActiveCfg = Release|Any CPU
		{76D46215-C3E5-4466-9820-F3ED668120CE}.Release|Any CPU.Build.0 = Release|Any CPU
	EndGlobalSection
	GlobalSection(SolutionProperties) = preSolution
		HideSolutionNode = FALSE
	EndGlobalSection
EndGlobal
